
Microsoft Visual Studio Solution File, Format Version 12.00
# Visual Studio Express 15 for Windows Desktop
VisualStudioVersion = 15.0.28307.438
MinimumVisualStudioVersion = 10.0.40219.1
Project("{FAE04EC0-301F-11D3-BF4B-00C04F79EFBC}") = "AttendanceTermianal", "AttendanceTermianal\AttendanceTermianal.csproj", "{BBA7A60C-C3F0-4637-9779-4188C76A1610}"
EndProject
Global
	GlobalSection(SolutionConfigurationPlatforms) = preSolution
		Debug|Any CPU = Debug|Any CPU
		Release|Any CPU = Release|Any CPU
	EndGlobalSection
	GlobalSection(ProjectConfigurationPlatforms) = postSolution
		{BBA7A60C-C3F0-4637-9779-4188C76A1610}.Debug|Any CPU.ActiveCfg = Debug|Any CPU
		{BBA7A60C-C3F0-4637-9779-4188C76A1610}.Debug|Any CPU.Build.0 = Debug|Any CPU
		{BBA7A60C-C3F0-4637-9779-4188C76A1610}.Release|Any CPU.ActiveCfg = Release|Any CPU
		{BBA7A60C-C3F0-4637-9779-4188C76A1610}.Release|Any CPU.Build.0 = Release|Any CPU
	EndGlobalSection
	GlobalSection(SolutionProperties) = preSolution
		HideSolutionNode = FALSE
	EndGlobalSection
	GlobalSection(ExtensibilityGlobals) = postSolution
		SolutionGuid = {7DED1365-78C5-4DB3-922C-F2DF2EEBD1C2}
	EndGlobalSection
EndGlobal
